// !$*UTF8*$!
{
	archiveVersion = 1;
	classes = {
	};
	objectVersion = 55;
	objects = {

/* Begin PBXBuildFile section */
		1F78ACF45B2D1F05F8C5A2D2 /* Pods_Mall.framework in Frameworks */ = {isa = PBXBuildFile; fileRef = 232383D3C2D61D4C974ADFF0 /* Pods_Mall.framework */; };
		B65EA44828075A1200206041 /* MainPage.swift in Sources */ = {isa = PBXBuildFile; fileRef = B65EA44728075A1200206041 /* MainPage.swift */; };
		B69AB0C428092C70008E7B84 /* ValidEmailAndPassword.swift in Sources */ = {isa = PBXBuildFile; fileRef = B69AB0C328092C70008E7B84 /* ValidEmailAndPassword.swift */; };
		B69AB0C628092DA0008E7B84 /* NerworkingService.swift in Sources */ = {isa = PBXBuildFile; fileRef = B69AB0C528092DA0008E7B84 /* NerworkingService.swift */; };
		B69AB0C8280931A1008E7B84 /* MyTabBar.swift in Sources */ = {isa = PBXBuildFile; fileRef = B69AB0C7280931A1008E7B84 /* MyTabBar.swift */; };
		B6B6B3A6280A659400EF618E /* UserProfileVC.swift in Sources */ = {isa = PBXBuildFile; fileRef = B6B6B3A5280A659400EF618E /* UserProfileVC.swift */; };
		CA33E1E12804E73900804EA1 /* AppDelegate.swift in Sources */ = {isa = PBXBuildFile; fileRef = CA33E1E02804E73900804EA1 /* AppDelegate.swift */; };
		CA33E1E32804E73900804EA1 /* SceneDelegate.swift in Sources */ = {isa = PBXBuildFile; fileRef = CA33E1E22804E73900804EA1 /* SceneDelegate.swift */; };
		CA33E1E52804E73900804EA1 /* ViewController.swift in Sources */ = {isa = PBXBuildFile; fileRef = CA33E1E42804E73900804EA1 /* ViewController.swift */; };
		CA33E1E82804E73900804EA1 /* Main.storyboard in Resources */ = {isa = PBXBuildFile; fileRef = CA33E1E62804E73900804EA1 /* Main.storyboard */; };
		CA33E1EA2804E73A00804EA1 /* Assets.xcassets in Resources */ = {isa = PBXBuildFile; fileRef = CA33E1E92804E73A00804EA1 /* Assets.xcassets */; };
		CA33E1ED2804E73A00804EA1 /* LaunchScreen.storyboard in Resources */ = {isa = PBXBuildFile; fileRef = CA33E1EB2804E73A00804EA1 /* LaunchScreen.storyboard */; };
		CAA7FA892805793200ED2206 /* Model.swift in Sources */ = {isa = PBXBuildFile; fileRef = CAA7FA882805793200ED2206 /* Model.swift */; };
		CAA7FA8B2805797500ED2206 /* URLModel.swift in Sources */ = {isa = PBXBuildFile; fileRef = CAA7FA8A2805797500ED2206 /* URLModel.swift */; };
/* End PBXBuildFile section */

/* Begin PBXFileReference section */
		232383D3C2D61D4C974ADFF0 /* Pods_Mall.framework */ = {isa = PBXFileReference; explicitFileType = wrapper.framework; includeInIndex = 0; path = Pods_Mall.framework; sourceTree = BUILT_PRODUCTS_DIR; };
		4CED66300A4EBBD9F09EFDEB /* Pods-Mall.release.xcconfig */ = {isa = PBXFileReference; includeInIndex = 1; lastKnownFileType = text.xcconfig; name = "Pods-Mall.release.xcconfig"; path = "Target Support Files/Pods-Mall/Pods-Mall.release.xcconfig"; sourceTree = "<group>"; };
		A13D05DD128DD6A415BB9833 /* Pods-Mall.debug.xcconfig */ = {isa = PBXFileReference; includeInIndex = 1; lastKnownFileType = text.xcconfig; name = "Pods-Mall.debug.xcconfig"; path = "Target Support Files/Pods-Mall/Pods-Mall.debug.xcconfig"; sourceTree = "<group>"; };
		B65EA44728075A1200206041 /* MainPage.swift */ = {isa = PBXFileReference; lastKnownFileType = sourcecode.swift; path = MainPage.swift; sourceTree = "<group>"; };
		B69AB0C328092C70008E7B84 /* ValidEmailAndPassword.swift */ = {isa = PBXFileReference; lastKnownFileType = sourcecode.swift; name = ValidEmailAndPassword.swift; path = Mall/User/Login/ValidEmailAndPassword.swift; sourceTree = SOURCE_ROOT; };
		B69AB0C528092DA0008E7B84 /* NerworkingService.swift */ = {isa = PBXFileReference; lastKnownFileType = sourcecode.swift; name = NerworkingService.swift; path = Mall/MainPages/NerworkingService.swift; sourceTree = SOURCE_ROOT; };
		B69AB0C7280931A1008E7B84 /* MyTabBar.swift */ = {isa = PBXFileReference; lastKnownFileType = sourcecode.swift; path = MyTabBar.swift; sourceTree = "<group>"; };
		B6B6B3A5280A659400EF618E /* UserProfileVC.swift */ = {isa = PBXFileReference; lastKnownFileType = sourcecode.swift; path = UserProfileVC.swift; sourceTree = "<group>"; };
		CA33E1DD2804E73900804EA1 /* Mall.app */ = {isa = PBXFileReference; explicitFileType = wrapper.application; includeInIndex = 0; path = Mall.app; sourceTree = BUILT_PRODUCTS_DIR; };
		CA33E1E02804E73900804EA1 /* AppDelegate.swift */ = {isa = PBXFileReference; lastKnownFileType = sourcecode.swift; path = AppDelegate.swift; sourceTree = "<group>"; };
		CA33E1E22804E73900804EA1 /* SceneDelegate.swift */ = {isa = PBXFileReference; lastKnownFileType = sourcecode.swift; path = SceneDelegate.swift; sourceTree = "<group>"; };
		CA33E1E42804E73900804EA1 /* ViewController.swift */ = {isa = PBXFileReference; lastKnownFileType = sourcecode.swift; path = ViewController.swift; sourceTree = "<group>"; };
		CA33E1E72804E73900804EA1 /* Base */ = {isa = PBXFileReference; lastKnownFileType = file.storyboard; name = Base; path = Base.lproj/Main.storyboard; sourceTree = "<group>"; };
		CA33E1E92804E73A00804EA1 /* Assets.xcassets */ = {isa = PBXFileReference; lastKnownFileType = folder.assetcatalog; path = Assets.xcassets; sourceTree = "<group>"; };
		CA33E1EC2804E73A00804EA1 /* Base */ = {isa = PBXFileReference; lastKnownFileType = file.storyboard; name = Base; path = Base.lproj/LaunchScreen.storyboard; sourceTree = "<group>"; };
		CA33E1EE2804E73A00804EA1 /* Info.plist */ = {isa = PBXFileReference; lastKnownFileType = text.plist.xml; path = Info.plist; sourceTree = "<group>"; };
		CAA7FA882805793200ED2206 /* Model.swift */ = {isa = PBXFileReference; lastKnownFileType = sourcecode.swift; path = Model.swift; sourceTree = "<group>"; };
		CAA7FA8A2805797500ED2206 /* URLModel.swift */ = {isa = PBXFileReference; lastKnownFileType = sourcecode.swift; path = URLModel.swift; sourceTree = "<group>"; };
/* End PBXFileReference section */

/* Begin PBXFrameworksBuildPhase section */
		CA33E1DA2804E73900804EA1 /* Frameworks */ = {
			isa = PBXFrameworksBuildPhase;
			buildActionMask = 2147483647;
			files = (
				1F78ACF45B2D1F05F8C5A2D2 /* Pods_Mall.framework in Frameworks */,
			);
			runOnlyForDeploymentPostprocessing = 0;
		};
/* End PBXFrameworksBuildPhase section */

/* Begin PBXGroup section */
		28EA96FB263D4F318245ED6E /* Frameworks */ = {
			isa = PBXGroup;
			children = (
				232383D3C2D61D4C974ADFF0 /* Pods_Mall.framework */,
			);
			name = Frameworks;
			sourceTree = "<group>";
		};
		B65EA440280749FB00206041 /* Storyboards */ = {
			isa = PBXGroup;
			children = (
				CA33E1E62804E73900804EA1 /* Main.storyboard */,
			);
			path = Storyboards;
			sourceTree = "<group>";
		};
		B65EA445280759AF00206041 /* MainPages */ = {
			isa = PBXGroup;
			children = (
				B65EA44728075A1200206041 /* MainPage.swift */,
				B69AB0C7280931A1008E7B84 /* MyTabBar.swift */,
			);
			path = MainPages;
			sourceTree = "<group>";
		};
		B6B6B3A4280A655600EF618E /* TabBarPages */ = {
			isa = PBXGroup;
			children = (
				B6B6B3A5280A659400EF618E /* UserProfileVC.swift */,
			);
			path = TabBarPages;
			sourceTree = "<group>";
		};
		CA33E1D42804E73900804EA1 = {
			isa = PBXGroup;
			children = (
				CA33E1DF2804E73900804EA1 /* Mall */,
				CA33E1DE2804E73900804EA1 /* Products */,
				DADFA6353848AC53CE7DFF37 /* Pods */,
				28EA96FB263D4F318245ED6E /* Frameworks */,
			);
			sourceTree = "<group>";
		};
		CA33E1DE2804E73900804EA1 /* Products */ = {
			isa = PBXGroup;
			children = (
				CA33E1DD2804E73900804EA1 /* Mall.app */,
			);
			name = Products;
			sourceTree = "<group>";
		};
		CA33E1DF2804E73900804EA1 /* Mall */ = {
			isa = PBXGroup;
			children = (
				CAA7FA8F28057B0200ED2206 /* Splash */,
				CAA7FA8E28057AF300ED2206 /* UI */,
				CAA7FA842805782700ED2206 /* Models */,
				B6B6B3A4280A655600EF618E /* TabBarPages */,
				B65EA445280759AF00206041 /* MainPages */,
				CAA7FA872805792300ED2206 /* Network */,
				CAA7FA862805791800ED2206 /* User */,
				CAA7FA83280577F100ED2206 /* Resources */,
				CAA7FA82280577E500ED2206 /* Delegates */,
			);
			path = Mall;
			sourceTree = "<group>";
		};
		CAA7FA82280577E500ED2206 /* Delegates */ = {
			isa = PBXGroup;
			children = (
				CA33E1E02804E73900804EA1 /* AppDelegate.swift */,
				CA33E1E22804E73900804EA1 /* SceneDelegate.swift */,
			);
			path = Delegates;
			sourceTree = "<group>";
		};
		CAA7FA83280577F100ED2206 /* Resources */ = {
			isa = PBXGroup;
			children = (
				CA33E1EE2804E73A00804EA1 /* Info.plist */,
				CA33E1E92804E73A00804EA1 /* Assets.xcassets */,
			);
			path = Resources;
			sourceTree = "<group>";
		};
		CAA7FA842805782700ED2206 /* Models */ = {
			isa = PBXGroup;
			children = (
				CAA7FA882805793200ED2206 /* Model.swift */,
				CAA7FA8A2805797500ED2206 /* URLModel.swift */,
			);
			path = Models;
			sourceTree = "<group>";
		};
		CAA7FA862805791800ED2206 /* User */ = {
			isa = PBXGroup;
			children = (
				CAA7FA8D28057A2800ED2206 /* Register */,
				CAA7FA8C28057A2300ED2206 /* Login */,
			);
			path = User;
			sourceTree = "<group>";
		};
		CAA7FA872805792300ED2206 /* Network */ = {
			isa = PBXGroup;
			children = (
			);
			path = Network;
			sourceTree = "<group>";
		};
		CAA7FA8C28057A2300ED2206 /* Login */ = {
			isa = PBXGroup;
			children = (
				B69AB0C328092C70008E7B84 /* ValidEmailAndPassword.swift */,
				B69AB0C528092DA0008E7B84 /* NerworkingService.swift */,
			);
			path = Login;
			sourceTree = "<group>";
		};
		CAA7FA8D28057A2800ED2206 /* Register */ = {
			isa = PBXGroup;
			children = (
			);
			path = Register;
			sourceTree = "<group>";
		};
		CAA7FA8E28057AF300ED2206 /* UI */ = {
			isa = PBXGroup;
			children = (
				B65EA440280749FB00206041 /* Storyboards */,
				CA33E1E42804E73900804EA1 /* ViewController.swift */,
			);
			path = UI;
			sourceTree = "<group>";
		};
		CAA7FA8F28057B0200ED2206 /* Splash */ = {
			isa = PBXGroup;
			children = (
				CA33E1EB2804E73A00804EA1 /* LaunchScreen.storyboard */,
			);
			path = Splash;
			sourceTree = "<group>";
		};
		DADFA6353848AC53CE7DFF37 /* Pods */ = {
			isa = PBXGroup;
			children = (
				A13D05DD128DD6A415BB9833 /* Pods-Mall.debug.xcconfig */,
				4CED66300A4EBBD9F09EFDEB /* Pods-Mall.release.xcconfig */,
			);
			path = Pods;
			sourceTree = "<group>";
		};
/* End PBXGroup section */

/* Begin PBXNativeTarget section */
		CA33E1DC2804E73900804EA1 /* Mall */ = {
			isa = PBXNativeTarget;
			buildConfigurationList = CA33E1F12804E73A00804EA1 /* Build configuration list for PBXNativeTarget "Mall" */;
			buildPhases = (
				E2792A3F245714FBC5E96854 /* [CP] Check Pods Manifest.lock */,
				CA33E1D92804E73900804EA1 /* Sources */,
				CA33E1DA2804E73900804EA1 /* Frameworks */,
				CA33E1DB2804E73900804EA1 /* Resources */,
				E5F2A3A60AF098C7AFC1CB08 /* [CP] Embed Pods Frameworks */,
			);
			buildRules = (
			);
			dependencies = (
			);
			name = Mall;
			productName = Mall;
			productReference = CA33E1DD2804E73900804EA1 /* Mall.app */;
			productType = "com.apple.product-type.application";
		};
/* End PBXNativeTarget section */

/* Begin PBXProject section */
		CA33E1D52804E73900804EA1 /* Project object */ = {
			isa = PBXProject;
			attributes = {
				BuildIndependentTargetsInParallel = 1;
				LastSwiftUpdateCheck = 1330;
				LastUpgradeCheck = 1330;
				TargetAttributes = {
					CA33E1DC2804E73900804EA1 = {
						CreatedOnToolsVersion = 13.3;
					};
				};
			};
			buildConfigurationList = CA33E1D82804E73900804EA1 /* Build configuration list for PBXProject "Mall" */;
			compatibilityVersion = "Xcode 13.0";
			developmentRegion = en;
			hasScannedForEncodings = 0;
			knownRegions = (
				en,
				Base,
			);
			mainGroup = CA33E1D42804E73900804EA1;
			productRefGroup = CA33E1DE2804E73900804EA1 /* Products */;
			projectDirPath = "";
			projectRoot = "";
			targets = (
				CA33E1DC2804E73900804EA1 /* Mall */,
			);
		};
/* End PBXProject section */

/* Begin PBXResourcesBuildPhase section */
		CA33E1DB2804E73900804EA1 /* Resources */ = {
			isa = PBXResourcesBuildPhase;
			buildActionMask = 2147483647;
			files = (
				CA33E1ED2804E73A00804EA1 /* LaunchScreen.storyboard in Resources */,
				CA33E1EA2804E73A00804EA1 /* Assets.xcassets in Resources */,
				CA33E1E82804E73900804EA1 /* Main.storyboard in Resources */,
			);
			runOnlyForDeploymentPostprocessing = 0;
		};
/* End PBXResourcesBuildPhase section */

/* Begin PBXShellScriptBuildPhase section */
		E2792A3F245714FBC5E96854 /* [CP] Check Pods Manifest.lock */ = {
			isa = PBXShellScriptBuildPhase;
			buildActionMask = 2147483647;
			files = (
			);
			inputFileListPaths = (
			);
			inputPaths = (
				"${PODS_PODFILE_DIR_PATH}/Podfile.lock",
				"${PODS_ROOT}/Manifest.lock",
			);
			name = "[CP] Check Pods Manifest.lock";
			outputFileListPaths = (
			);
			outputPaths = (
				"$(DERIVED_FILE_DIR)/Pods-Mall-checkManifestLockResult.txt",
			);
			runOnlyForDeploymentPostprocessing = 0;
			shellPath = /bin/sh;
			shellScript = "diff \"${PODS_PODFILE_DIR_PATH}/Podfile.lock\" \"${PODS_ROOT}/Manifest.lock\" > /dev/null\nif [ $? != 0 ] ; then\n    # print error to STDERR\n    echo \"error: The sandbox is not in sync with the Podfile.lock. Run 'pod install' or update your CocoaPods installation.\" >&2\n    exit 1\nfi\n# This output is used by Xcode 'outputs' to avoid re-running this script phase.\necho \"SUCCESS\" > \"${SCRIPT_OUTPUT_FILE_0}\"\n";
			showEnvVarsInLog = 0;
		};
		E5F2A3A60AF098C7AFC1CB08 /* [CP] Embed Pods Frameworks */ = {
			isa = PBXShellScriptBuildPhase;
			buildActionMask = 2147483647;
			files = (
			);
			inputFileListPaths = (
				"${PODS_ROOT}/Target Support Files/Pods-Mall/Pods-Mall-frameworks-${CONFIGURATION}-input-files.xcfilelist",
			);
			name = "[CP] Embed Pods Frameworks";
			outputFileListPaths = (
				"${PODS_ROOT}/Target Support Files/Pods-Mall/Pods-Mall-frameworks-${CONFIGURATION}-output-files.xcfilelist",
			);
			runOnlyForDeploymentPostprocessing = 0;
			shellPath = /bin/sh;
			shellScript = "\"${PODS_ROOT}/Target Support Files/Pods-Mall/Pods-Mall-frameworks.sh\"\n";
			showEnvVarsInLog = 0;
		};
/* End PBXShellScriptBuildPhase section */

/* Begin PBXSourcesBuildPhase section */
		CA33E1D92804E73900804EA1 /* Sources */ = {
			isa = PBXSourcesBuildPhase;
			buildActionMask = 2147483647;
			files = (
				CA33E1E52804E73900804EA1 /* ViewController.swift in Sources */,
				B69AB0C628092DA0008E7B84 /* NerworkingService.swift in Sources */,
				CA33E1E12804E73900804EA1 /* AppDelegate.swift in Sources */,
				B6B6B3A6280A659400EF618E /* UserProfileVC.swift in Sources */,
				CA33E1E32804E73900804EA1 /* SceneDelegate.swift in Sources */,
				B65EA44828075A1200206041 /* MainPage.swift in Sources */,
				B69AB0C8280931A1008E7B84 /* MyTabBar.swift in Sources */,
				CAA7FA8B2805797500ED2206 /* URLModel.swift in Sources */,
				CAA7FA892805793200ED2206 /* Model.swift in Sources */,
				B69AB0C428092C70008E7B84 /* ValidEmailAndPassword.swift in Sources */,
			);
			runOnlyForDeploymentPostprocessing = 0;
		};
/* End PBXSourcesBuildPhase section */

/* Begin PBXVariantGroup section */
		CA33E1E62804E73900804EA1 /* Main.storyboard */ = {
			isa = PBXVariantGroup;
			children = (
				CA33E1E72804E73900804EA1 /* Base */,
			);
			name = Main.storyboard;
			sourceTree = "<group>";
		};
		CA33E1EB2804E73A00804EA1 /* LaunchScreen.storyboard */ = {
			isa = PBXVariantGroup;
			children = (
				CA33E1EC2804E73A00804EA1 /* Base */,
			);
			name = LaunchScreen.storyboard;
			sourceTree = "<group>";
		};
/* End PBXVariantGroup section */

/* Begin XCBuildConfiguration section */
		CA33E1EF2804E73A00804EA1 /* Debug */ = {
			isa = XCBuildConfiguration;
			buildSettings = {
				ALWAYS_SEARCH_USER_PATHS = NO;
				CLANG_ANALYZER_NONNULL = YES;
				CLANG_ANALYZER_NUMBER_OBJECT_CONVERSION = YES_AGGRESSIVE;
				CLANG_CXX_LANGUAGE_STANDARD = "gnu++17";
				CLANG_ENABLE_MODULES = YES;
				CLANG_ENABLE_OBJC_ARC = YES;
				CLANG_ENABLE_OBJC_WEAK = YES;
				CLANG_WARN_BLOCK_CAPTURE_AUTORELEASING = YES;
				CLANG_WARN_BOOL_CONVERSION = YES;
				CLANG_WARN_COMMA = YES;
				CLANG_WARN_CONSTANT_CONVERSION = YES;
				CLANG_WARN_DEPRECATED_OBJC_IMPLEMENTATIONS = YES;
				CLANG_WARN_DIRECT_OBJC_ISA_USAGE = YES_ERROR;
				CLANG_WARN_DOCUMENTATION_COMMENTS = YES;
				CLANG_WARN_EMPTY_BODY = YES;
				CLANG_WARN_ENUM_CONVERSION = YES;
				CLANG_WARN_INFINITE_RECURSION = YES;
				CLANG_WARN_INT_CONVERSION = YES;
				CLANG_WARN_NON_LITERAL_NULL_CONVERSION = YES;
				CLANG_WARN_OBJC_IMPLICIT_RETAIN_SELF = YES;
				CLANG_WARN_OBJC_LITERAL_CONVERSION = YES;
				CLANG_WARN_OBJC_ROOT_CLASS = YES_ERROR;
				CLANG_WARN_QUOTED_INCLUDE_IN_FRAMEWORK_HEADER = YES;
				CLANG_WARN_RANGE_LOOP_ANALYSIS = YES;
				CLANG_WARN_STRICT_PROTOTYPES = YES;
				CLANG_WARN_SUSPICIOUS_MOVE = YES;
				CLANG_WARN_UNGUARDED_AVAILABILITY = YES_AGGRESSIVE;
				CLANG_WARN_UNREACHABLE_CODE = YES;
				CLANG_WARN__DUPLICATE_METHOD_MATCH = YES;
				COPY_PHASE_STRIP = NO;
				DEBUG_INFORMATION_FORMAT = dwarf;
				ENABLE_STRICT_OBJC_MSGSEND = YES;
				ENABLE_TESTABILITY = YES;
				GCC_C_LANGUAGE_STANDARD = gnu11;
				GCC_DYNAMIC_NO_PIC = NO;
				GCC_NO_COMMON_BLOCKS = YES;
				GCC_OPTIMIZATION_LEVEL = 0;
				GCC_PREPROCESSOR_DEFINITIONS = (
					"DEBUG=1",
					"$(inherited)",
				);
				GCC_WARN_64_TO_32_BIT_CONVERSION = YES;
				GCC_WARN_ABOUT_RETURN_TYPE = YES_ERROR;
				GCC_WARN_UNDECLARED_SELECTOR = YES;
				GCC_WARN_UNINITIALIZED_AUTOS = YES_AGGRESSIVE;
				GCC_WARN_UNUSED_FUNCTION = YES;
				GCC_WARN_UNUSED_VARIABLE = YES;
				IPHONEOS_DEPLOYMENT_TARGET = 15.4;
				MTL_ENABLE_DEBUG_INFO = INCLUDE_SOURCE;
				MTL_FAST_MATH = YES;
				ONLY_ACTIVE_ARCH = YES;
				SDKROOT = iphoneos;
				SWIFT_ACTIVE_COMPILATION_CONDITIONS = DEBUG;
				SWIFT_OPTIMIZATION_LEVEL = "-Onone";
			};
			name = Debug;
		};
		CA33E1F02804E73A00804EA1 /* Release */ = {
			isa = XCBuildConfiguration;
			buildSettings = {
				ALWAYS_SEARCH_USER_PATHS = NO;
				CLANG_ANALYZER_NONNULL = YES;
				CLANG_ANALYZER_NUMBER_OBJECT_CONVERSION = YES_AGGRESSIVE;
				CLANG_CXX_LANGUAGE_STANDARD = "gnu++17";
				CLANG_ENABLE_MODULES = YES;
				CLANG_ENABLE_OBJC_ARC = YES;
				CLANG_ENABLE_OBJC_WEAK = YES;
				CLANG_WARN_BLOCK_CAPTURE_AUTORELEASING = YES;
				CLANG_WARN_BOOL_CONVERSION = YES;
				CLANG_WARN_COMMA = YES;
				CLANG_WARN_CONSTANT_CONVERSION = YES;
				CLANG_WARN_DEPRECATED_OBJC_IMPLEMENTATIONS = YES;
				CLANG_WARN_DIRECT_OBJC_ISA_USAGE = YES_ERROR;
				CLANG_WARN_DOCUMENTATION_COMMENTS = YES;
				CLANG_WARN_EMPTY_BODY = YES;
				CLANG_WARN_ENUM_CONVERSION = YES;
				CLANG_WARN_INFINITE_RECURSION = YES;
				CLANG_WARN_INT_CONVERSION = YES;
				CLANG_WARN_NON_LITERAL_NULL_CONVERSION = YES;
				CLANG_WARN_OBJC_IMPLICIT_RETAIN_SELF = YES;
				CLANG_WARN_OBJC_LITERAL_CONVERSION = YES;
				CLANG_WARN_OBJC_ROOT_CLASS = YES_ERROR;
				CLANG_WARN_QUOTED_INCLUDE_IN_FRAMEWORK_HEADER = YES;
				CLANG_WARN_RANGE_LOOP_ANALYSIS = YES;
				CLANG_WARN_STRICT_PROTOTYPES = YES;
				CLANG_WARN_SUSPICIOUS_MOVE = YES;
				CLANG_WARN_UNGUARDED_AVAILABILITY = YES_AGGRESSIVE;
				CLANG_WARN_UNREACHABLE_CODE = YES;
				CLANG_WARN__DUPLICATE_METHOD_MATCH = YES;
				COPY_PHASE_STRIP = NO;
				DEBUG_INFORMATION_FORMAT = "dwarf-with-dsym";
				ENABLE_NS_ASSERTIONS = NO;
				ENABLE_STRICT_OBJC_MSGSEND = YES;
				GCC_C_LANGUAGE_STANDARD = gnu11;
				GCC_NO_COMMON_BLOCKS = YES;
				GCC_WARN_64_TO_32_BIT_CONVERSION = YES;
				GCC_WARN_ABOUT_RETURN_TYPE = YES_ERROR;
				GCC_WARN_UNDECLARED_SELECTOR = YES;
				GCC_WARN_UNINITIALIZED_AUTOS = YES_AGGRESSIVE;
				GCC_WARN_UNUSED_FUNCTION = YES;
				GCC_WARN_UNUSED_VARIABLE = YES;
				IPHONEOS_DEPLOYMENT_TARGET = 15.4;
				MTL_ENABLE_DEBUG_INFO = NO;
				MTL_FAST_MATH = YES;
				SDKROOT = iphoneos;
				SWIFT_COMPILATION_MODE = wholemodule;
				SWIFT_OPTIMIZATION_LEVEL = "-O";
				VALIDATE_PRODUCT = YES;
			};
			name = Release;
		};
		CA33E1F22804E73A00804EA1 /* Debug */ = {
			isa = XCBuildConfiguration;
			baseConfigurationReference = A13D05DD128DD6A415BB9833 /* Pods-Mall.debug.xcconfig */;
			buildSettings = {
				ASSETCATALOG_COMPILER_APPICON_NAME = AppIcon;
				ASSETCATALOG_COMPILER_GLOBAL_ACCENT_COLOR_NAME = AccentColor;
				CODE_SIGN_STYLE = Automatic;
				CURRENT_PROJECT_VERSION = 1;
				DEVELOPMENT_TEAM = L9JZYC3SK6;
				GENERATE_INFOPLIST_FILE = YES;
				INFOPLIST_FILE = Mall/Resources/Info.plist;
				INFOPLIST_KEY_UIApplicationSupportsIndirectInputEvents = YES;
				INFOPLIST_KEY_UILaunchStoryboardName = LaunchScreen;
				INFOPLIST_KEY_UIMainStoryboardFile = Main;
				INFOPLIST_KEY_UISupportedInterfaceOrientations_iPad = "UIInterfaceOrientationPortrait UIInterfaceOrientationPortraitUpsideDown UIInterfaceOrientationLandscapeLeft UIInterfaceOrientationLandscapeRight";
				INFOPLIST_KEY_UISupportedInterfaceOrientations_iPhone = "UIInterfaceOrientationPortrait UIInterfaceOrientationLandscapeLeft UIInterfaceOrientationLandscapeRight";
				LD_RUNPATH_SEARCH_PATHS = (
					"$(inherited)",
					"@executable_path/Frameworks",
				);
				MARKETING_VERSION = 1.0;
				PRODUCT_BUNDLE_IDENTIFIER = ru.vrdo.Mall;
				PRODUCT_NAME = "$(TARGET_NAME)";
				SWIFT_EMIT_LOC_STRINGS = YES;
				SWIFT_VERSION = 5.0;
				TARGETED_DEVICE_FAMILY = "1,2";
			};
			name = Debug;
		};
		CA33E1F32804E73A00804EA1 /* Release */ = {
			isa = XCBuildConfiguration;
			baseConfigurationReference = 4CED66300A4EBBD9F09EFDEB /* Pods-Mall.release.xcconfig */;
			buildSettings = {
				ASSETCATALOG_COMPILER_APPICON_NAME = AppIcon;
				ASSETCATALOG_COMPILER_GLOBAL_ACCENT_COLOR_NAME = AccentColor;
				CODE_SIGN_STYLE = Automatic;
				CURRENT_PROJECT_VERSION = 1;
				DEVELOPMENT_TEAM = L9JZYC3SK6;
				GENERATE_INFOPLIST_FILE = YES;
				INFOPLIST_FILE = Mall/Resources/Info.plist;
				INFOPLIST_KEY_UIApplicationSupportsIndirectInputEvents = YES;
				INFOPLIST_KEY_UILaunchStoryboardName = LaunchScreen;
				INFOPLIST_KEY_UIMainStoryboardFile = Main;
				INFOPLIST_KEY_UISupportedInterfaceOrientations_iPad = "UIInterfaceOrientationPortrait UIInterfaceOrientationPortraitUpsideDown UIInterfaceOrientationLandscapeLeft UIInterfaceOrientationLandscapeRight";
				INFOPLIST_KEY_UISupportedInterfaceOrientations_iPhone = "UIInterfaceOrientationPortrait UIInterfaceOrientationLandscapeLeft UIInterfaceOrientationLandscapeRight";
				LD_RUNPATH_SEARCH_PATHS = (
					"$(inherited)",
					"@executable_path/Frameworks",
				);
				MARKETING_VERSION = 1.0;
				PRODUCT_BUNDLE_IDENTIFIER = ru.vrdo.Mall;
				PRODUCT_NAME = "$(TARGET_NAME)";
				SWIFT_EMIT_LOC_STRINGS = YES;
				SWIFT_VERSION = 5.0;
				TARGETED_DEVICE_FAMILY = "1,2";
			};
			name = Release;
		};
/* End XCBuildConfiguration section */

/* Begin XCConfigurationList section */
		CA33E1D82804E73900804EA1 /* Build configuration list for PBXProject "Mall" */ = {
			isa = XCConfigurationList;
			buildConfigurations = (
				CA33E1EF2804E73A00804EA1 /* Debug */,
				CA33E1F02804E73A00804EA1 /* Release */,
			);
			defaultConfigurationIsVisible = 0;
			defaultConfigurationName = Release;
		};
		CA33E1F12804E73A00804EA1 /* Build configuration list for PBXNativeTarget "Mall" */ = {
			isa = XCConfigurationList;
			buildConfigurations = (
				CA33E1F22804E73A00804EA1 /* Debug */,
				CA33E1F32804E73A00804EA1 /* Release */,
			);
			defaultConfigurationIsVisible = 0;
			defaultConfigurationName = Release;
		};
/* End XCConfigurationList section */
	};
	rootObject = CA33E1D52804E73900804EA1 /* Project object */;
}
