// !$*UTF8*$!
{
	archiveVersion = 1;
	classes = {
	};
	objectVersion = 55;
	objects = {

/* Begin PBXBuildFile section */
		1F78ACF45B2D1F05F8C5A2D2 /* Pods_Mall.framework in Frameworks */ = {isa = PBXBuildFile; fileRef = 232383D3C2D61D4C974ADFF0 /* Pods_Mall.framework */; };
		CA33E1E12804E73900804EA1 /* AppDelegate.swift in Sources */ = {isa = PBXBuildFile; fileRef = CA33E1E02804E73900804EA1 /* AppDelegate.swift */; };
		CA33E1E32804E73900804EA1 /* SceneDelegate.swift in Sources */ = {isa = PBXBuildFile; fileRef = CA33E1E22804E73900804EA1 /* SceneDelegate.swift */; };
		CA33E1E52804E73900804EA1 /* MainScreenVC.swift in Sources */ = {isa = PBXBuildFile; fileRef = CA33E1E42804E73900804EA1 /* MainScreenVC.swift */; };
		CA33E1E82804E73900804EA1 /* Main.storyboard in Resources */ = {isa = PBXBuildFile; fileRef = CA33E1E62804E73900804EA1 /* Main.storyboard */; };
		CA33E1EA2804E73A00804EA1 /* Assets.xcassets in Resources */ = {isa = PBXBuildFile; fileRef = CA33E1E92804E73A00804EA1 /* Assets.xcassets */; };
		CA33E1ED2804E73A00804EA1 /* LaunchScreen.storyboard in Resources */ = {isa = PBXBuildFile; fileRef = CA33E1EB2804E73A00804EA1 /* LaunchScreen.storyboard */; };
		CAA7FA892805793200ED2206 /* Model.swift in Sources */ = {isa = PBXBuildFile; fileRef = CAA7FA882805793200ED2206 /* Model.swift */; };
		CAA7FA8B2805797500ED2206 /* URLModel.swift in Sources */ = {isa = PBXBuildFile; fileRef = CAA7FA8A2805797500ED2206 /* URLModel.swift */; };
		CAD6444628069F3D00AFFB9B /* BaseNetwork.swift in Sources */ = {isa = PBXBuildFile; fileRef = CAD6444528069F3D00AFFB9B /* BaseNetwork.swift */; };
		CAD6444B28074E0C00AFFB9B /* RegistrationModel.swift in Sources */ = {isa = PBXBuildFile; fileRef = CAD6444A28074E0B00AFFB9B /* RegistrationModel.swift */; };
		CAD6444D28074E2000AFFB9B /* RegViewModel.swift in Sources */ = {isa = PBXBuildFile; fileRef = CAD6444C28074E2000AFFB9B /* RegViewModel.swift */; };
		CAD6444F28074E3000AFFB9B /* Registration.storyboard in Resources */ = {isa = PBXBuildFile; fileRef = CAD6444E28074E3000AFFB9B /* Registration.storyboard */; };
		CAD6445228074E6100AFFB9B /* RegistrationVC.swift in Sources */ = {isa = PBXBuildFile; fileRef = CAD6445128074E6100AFFB9B /* RegistrationVC.swift */; };
		CAD644552807516000AFFB9B /* ValidLoginAndPassword.swift in Sources */ = {isa = PBXBuildFile; fileRef = CAD644542807516000AFFB9B /* ValidLoginAndPassword.swift */; };
		CAD644572807520000AFFB9B /* VerifyVC.swift in Sources */ = {isa = PBXBuildFile; fileRef = CAD644562807520000AFFB9B /* VerifyVC.swift */; };
		CAD6445A2807564300AFFB9B /* Extensions.swift in Sources */ = {isa = PBXBuildFile; fileRef = CAD644592807564300AFFB9B /* Extensions.swift */; };
		CAF9B1952808966B00CFDF88 /* MainTabBarController.swift in Sources */ = {isa = PBXBuildFile; fileRef = CAF9B1942808966B00CFDF88 /* MainTabBarController.swift */; };
		CAF9B1972808B05800CFDF88 /* MainPageModel.swift in Sources */ = {isa = PBXBuildFile; fileRef = CAF9B1962808B05800CFDF88 /* MainPageModel.swift */; };
		CAF9B1992808B0C800CFDF88 /* File.swift in Sources */ = {isa = PBXBuildFile; fileRef = CAF9B1982808B0C800CFDF88 /* File.swift */; };
		CAF9B19B2808B14D00CFDF88 /* MainPageViewModel.swift in Sources */ = {isa = PBXBuildFile; fileRef = CAF9B19A2808B14D00CFDF88 /* MainPageViewModel.swift */; };
		CAF9B19D2808B4A300CFDF88 /* MainPageTableViewCell.swift in Sources */ = {isa = PBXBuildFile; fileRef = CAF9B19C2808B4A300CFDF88 /* MainPageTableViewCell.swift */; };
		CAF9B19F2808B4F900CFDF88 /* MainCollectionViewCell.swift in Sources */ = {isa = PBXBuildFile; fileRef = CAF9B19E2808B4F900CFDF88 /* MainCollectionViewCell.swift */; };
		CAF9B1A52809DBB200CFDF88 /* CategoryAdsSB.storyboard in Resources */ = {isa = PBXBuildFile; fileRef = CAF9B1A42809DBB200CFDF88 /* CategoryAdsSB.storyboard */; };
		CAF9B1A92809DC9500CFDF88 /* CategoryAdsVC.swift in Sources */ = {isa = PBXBuildFile; fileRef = CAF9B1A82809DC9500CFDF88 /* CategoryAdsVC.swift */; };
		CAF9B1AB2809E05200CFDF88 /* CategoryAdsModel.swift in Sources */ = {isa = PBXBuildFile; fileRef = CAF9B1AA2809E05200CFDF88 /* CategoryAdsModel.swift */; };
		CAF9B1AD2809ED2100CFDF88 /* MallAPI.swift in Sources */ = {isa = PBXBuildFile; fileRef = CAF9B1AC2809ED2100CFDF88 /* MallAPI.swift */; };
		CAF9B1B02809F14D00CFDF88 /* APIProtocol.swift in Sources */ = {isa = PBXBuildFile; fileRef = CAF9B1AF2809F14D00CFDF88 /* APIProtocol.swift */; };
		CAF9B1B32809F1AF00CFDF88 /* RequestMethod.swift in Sources */ = {isa = PBXBuildFile; fileRef = CAF9B1B22809F1AF00CFDF88 /* RequestMethod.swift */; };
		CAF9B1B52809F1CA00CFDF88 /* MultipartFormData.swift in Sources */ = {isa = PBXBuildFile; fileRef = CAF9B1B42809F1CA00CFDF88 /* MultipartFormData.swift */; };
		CAF9B1BB2809F39800CFDF88 /* SessionNetwork.swift in Sources */ = {isa = PBXBuildFile; fileRef = CAF9B1B62809F39800CFDF88 /* SessionNetwork.swift */; };
		CAF9B1BC2809F39800CFDF88 /* URLBuilder.swift in Sources */ = {isa = PBXBuildFile; fileRef = CAF9B1B72809F39800CFDF88 /* URLBuilder.swift */; };
		CAF9B1BD2809F39800CFDF88 /* ImageUploadAPI.swift in Sources */ = {isa = PBXBuildFile; fileRef = CAF9B1B82809F39800CFDF88 /* ImageUploadAPI.swift */; };
		CAF9B1BE2809F39800CFDF88 /* MallBaseURL.swift in Sources */ = {isa = PBXBuildFile; fileRef = CAF9B1B92809F39800CFDF88 /* MallBaseURL.swift */; };
		CAF9B1BF2809F39800CFDF88 /* MallError.swift in Sources */ = {isa = PBXBuildFile; fileRef = CAF9B1BA2809F39800CFDF88 /* MallError.swift */; };
		CAF9B1C22809F3B300CFDF88 /* SessionProtocol.swift in Sources */ = {isa = PBXBuildFile; fileRef = CAF9B1C02809F3B300CFDF88 /* SessionProtocol.swift */; };
		CAF9B1C32809F3B300CFDF88 /* URLBuilderProtocol.swift in Sources */ = {isa = PBXBuildFile; fileRef = CAF9B1C12809F3B300CFDF88 /* URLBuilderProtocol.swift */; };
		CAF9B1CB280AC42A00CFDF88 /* AdsDetail.storyboard in Resources */ = {isa = PBXBuildFile; fileRef = CAF9B1CA280AC42A00CFDF88 /* AdsDetail.storyboard */; };
		CAF9B1CD280AC44500CFDF88 /* AdsDetailVC.swift in Sources */ = {isa = PBXBuildFile; fileRef = CAF9B1CC280AC44500CFDF88 /* AdsDetailVC.swift */; };
		CAF9B1CF280ACDBC00CFDF88 /* AdsModel.swift in Sources */ = {isa = PBXBuildFile; fileRef = CAF9B1CE280ACDBC00CFDF88 /* AdsModel.swift */; };
/* End PBXBuildFile section */

/* Begin PBXFileReference section */
		232383D3C2D61D4C974ADFF0 /* Pods_Mall.framework */ = {isa = PBXFileReference; explicitFileType = wrapper.framework; includeInIndex = 0; path = Pods_Mall.framework; sourceTree = BUILT_PRODUCTS_DIR; };
		4CED66300A4EBBD9F09EFDEB /* Pods-Mall.release.xcconfig */ = {isa = PBXFileReference; includeInIndex = 1; lastKnownFileType = text.xcconfig; name = "Pods-Mall.release.xcconfig"; path = "Target Support Files/Pods-Mall/Pods-Mall.release.xcconfig"; sourceTree = "<group>"; };
		A13D05DD128DD6A415BB9833 /* Pods-Mall.debug.xcconfig */ = {isa = PBXFileReference; includeInIndex = 1; lastKnownFileType = text.xcconfig; name = "Pods-Mall.debug.xcconfig"; path = "Target Support Files/Pods-Mall/Pods-Mall.debug.xcconfig"; sourceTree = "<group>"; };
		CA33E1DD2804E73900804EA1 /* Mall.app */ = {isa = PBXFileReference; explicitFileType = wrapper.application; includeInIndex = 0; path = Mall.app; sourceTree = BUILT_PRODUCTS_DIR; };
		CA33E1E02804E73900804EA1 /* AppDelegate.swift */ = {isa = PBXFileReference; lastKnownFileType = sourcecode.swift; path = AppDelegate.swift; sourceTree = "<group>"; };
		CA33E1E22804E73900804EA1 /* SceneDelegate.swift */ = {isa = PBXFileReference; lastKnownFileType = sourcecode.swift; path = SceneDelegate.swift; sourceTree = "<group>"; };
		CA33E1E42804E73900804EA1 /* MainScreenVC.swift */ = {isa = PBXFileReference; lastKnownFileType = sourcecode.swift; path = MainScreenVC.swift; sourceTree = "<group>"; };
		CA33E1E72804E73900804EA1 /* Base */ = {isa = PBXFileReference; lastKnownFileType = file.storyboard; name = Base; path = Base.lproj/Main.storyboard; sourceTree = "<group>"; };
		CA33E1E92804E73A00804EA1 /* Assets.xcassets */ = {isa = PBXFileReference; lastKnownFileType = folder.assetcatalog; path = Assets.xcassets; sourceTree = "<group>"; };
		CA33E1EC2804E73A00804EA1 /* Base */ = {isa = PBXFileReference; lastKnownFileType = file.storyboard; name = Base; path = Base.lproj/LaunchScreen.storyboard; sourceTree = "<group>"; };
		CA33E1EE2804E73A00804EA1 /* Info.plist */ = {isa = PBXFileReference; lastKnownFileType = text.plist.xml; path = Info.plist; sourceTree = "<group>"; };
		CAA7FA882805793200ED2206 /* Model.swift */ = {isa = PBXFileReference; lastKnownFileType = sourcecode.swift; path = Model.swift; sourceTree = "<group>"; };
		CAA7FA8A2805797500ED2206 /* URLModel.swift */ = {isa = PBXFileReference; lastKnownFileType = sourcecode.swift; path = URLModel.swift; sourceTree = "<group>"; };
		CAD6444528069F3D00AFFB9B /* BaseNetwork.swift */ = {isa = PBXFileReference; lastKnownFileType = sourcecode.swift; path = BaseNetwork.swift; sourceTree = "<group>"; };
		CAD6444A28074E0B00AFFB9B /* RegistrationModel.swift */ = {isa = PBXFileReference; lastKnownFileType = sourcecode.swift; path = RegistrationModel.swift; sourceTree = "<group>"; };
		CAD6444C28074E2000AFFB9B /* RegViewModel.swift */ = {isa = PBXFileReference; lastKnownFileType = sourcecode.swift; path = RegViewModel.swift; sourceTree = "<group>"; };
		CAD6444E28074E3000AFFB9B /* Registration.storyboard */ = {isa = PBXFileReference; lastKnownFileType = file.storyboard; path = Registration.storyboard; sourceTree = "<group>"; };
		CAD6445128074E6100AFFB9B /* RegistrationVC.swift */ = {isa = PBXFileReference; lastKnownFileType = sourcecode.swift; path = RegistrationVC.swift; sourceTree = "<group>"; };
		CAD644542807516000AFFB9B /* ValidLoginAndPassword.swift */ = {isa = PBXFileReference; lastKnownFileType = sourcecode.swift; path = ValidLoginAndPassword.swift; sourceTree = "<group>"; };
		CAD644562807520000AFFB9B /* VerifyVC.swift */ = {isa = PBXFileReference; lastKnownFileType = sourcecode.swift; path = VerifyVC.swift; sourceTree = "<group>"; };
		CAD644592807564300AFFB9B /* Extensions.swift */ = {isa = PBXFileReference; lastKnownFileType = sourcecode.swift; path = Extensions.swift; sourceTree = "<group>"; };
		CAF9B1942808966B00CFDF88 /* MainTabBarController.swift */ = {isa = PBXFileReference; lastKnownFileType = sourcecode.swift; path = MainTabBarController.swift; sourceTree = "<group>"; };
		CAF9B1962808B05800CFDF88 /* MainPageModel.swift */ = {isa = PBXFileReference; lastKnownFileType = sourcecode.swift; path = MainPageModel.swift; sourceTree = "<group>"; };
		CAF9B1982808B0C800CFDF88 /* File.swift */ = {isa = PBXFileReference; lastKnownFileType = sourcecode.swift; path = File.swift; sourceTree = "<group>"; };
		CAF9B19A2808B14D00CFDF88 /* MainPageViewModel.swift */ = {isa = PBXFileReference; lastKnownFileType = sourcecode.swift; path = MainPageViewModel.swift; sourceTree = "<group>"; };
		CAF9B19C2808B4A300CFDF88 /* MainPageTableViewCell.swift */ = {isa = PBXFileReference; lastKnownFileType = sourcecode.swift; path = MainPageTableViewCell.swift; sourceTree = "<group>"; };
		CAF9B19E2808B4F900CFDF88 /* MainCollectionViewCell.swift */ = {isa = PBXFileReference; lastKnownFileType = sourcecode.swift; path = MainCollectionViewCell.swift; sourceTree = "<group>"; };
		CAF9B1A42809DBB200CFDF88 /* CategoryAdsSB.storyboard */ = {isa = PBXFileReference; lastKnownFileType = file.storyboard; path = CategoryAdsSB.storyboard; sourceTree = "<group>"; };
		CAF9B1A82809DC9500CFDF88 /* CategoryAdsVC.swift */ = {isa = PBXFileReference; lastKnownFileType = sourcecode.swift; path = CategoryAdsVC.swift; sourceTree = "<group>"; };
		CAF9B1AA2809E05200CFDF88 /* CategoryAdsModel.swift */ = {isa = PBXFileReference; lastKnownFileType = sourcecode.swift; path = CategoryAdsModel.swift; sourceTree = "<group>"; };
		CAF9B1AC2809ED2100CFDF88 /* MallAPI.swift */ = {isa = PBXFileReference; lastKnownFileType = sourcecode.swift; path = MallAPI.swift; sourceTree = "<group>"; };
		CAF9B1AF2809F14D00CFDF88 /* APIProtocol.swift */ = {isa = PBXFileReference; lastKnownFileType = sourcecode.swift; path = APIProtocol.swift; sourceTree = "<group>"; };
		CAF9B1B22809F1AF00CFDF88 /* RequestMethod.swift */ = {isa = PBXFileReference; lastKnownFileType = sourcecode.swift; path = RequestMethod.swift; sourceTree = "<group>"; };
		CAF9B1B42809F1CA00CFDF88 /* MultipartFormData.swift */ = {isa = PBXFileReference; lastKnownFileType = sourcecode.swift; path = MultipartFormData.swift; sourceTree = "<group>"; };
		CAF9B1B62809F39800CFDF88 /* SessionNetwork.swift */ = {isa = PBXFileReference; fileEncoding = 4; lastKnownFileType = sourcecode.swift; path = SessionNetwork.swift; sourceTree = "<group>"; };
		CAF9B1B72809F39800CFDF88 /* URLBuilder.swift */ = {isa = PBXFileReference; fileEncoding = 4; lastKnownFileType = sourcecode.swift; path = URLBuilder.swift; sourceTree = "<group>"; };
		CAF9B1B82809F39800CFDF88 /* ImageUploadAPI.swift */ = {isa = PBXFileReference; fileEncoding = 4; lastKnownFileType = sourcecode.swift; path = ImageUploadAPI.swift; sourceTree = "<group>"; };
		CAF9B1B92809F39800CFDF88 /* MallBaseURL.swift */ = {isa = PBXFileReference; fileEncoding = 4; lastKnownFileType = sourcecode.swift; path = MallBaseURL.swift; sourceTree = "<group>"; };
		CAF9B1BA2809F39800CFDF88 /* MallError.swift */ = {isa = PBXFileReference; fileEncoding = 4; lastKnownFileType = sourcecode.swift; path = MallError.swift; sourceTree = "<group>"; };
		CAF9B1C02809F3B300CFDF88 /* SessionProtocol.swift */ = {isa = PBXFileReference; fileEncoding = 4; lastKnownFileType = sourcecode.swift; path = SessionProtocol.swift; sourceTree = "<group>"; };
		CAF9B1C12809F3B300CFDF88 /* URLBuilderProtocol.swift */ = {isa = PBXFileReference; fileEncoding = 4; lastKnownFileType = sourcecode.swift; path = URLBuilderProtocol.swift; sourceTree = "<group>"; };
		CAF9B1CA280AC42A00CFDF88 /* AdsDetail.storyboard */ = {isa = PBXFileReference; lastKnownFileType = file.storyboard; path = AdsDetail.storyboard; sourceTree = "<group>"; };
		CAF9B1CC280AC44500CFDF88 /* AdsDetailVC.swift */ = {isa = PBXFileReference; lastKnownFileType = sourcecode.swift; path = AdsDetailVC.swift; sourceTree = "<group>"; };
		CAF9B1CE280ACDBC00CFDF88 /* AdsModel.swift */ = {isa = PBXFileReference; lastKnownFileType = sourcecode.swift; path = AdsModel.swift; sourceTree = "<group>"; };
/* End PBXFileReference section */

/* Begin PBXFrameworksBuildPhase section */
		CA33E1DA2804E73900804EA1 /* Frameworks */ = {
			isa = PBXFrameworksBuildPhase;
			buildActionMask = 2147483647;
			files = (
				1F78ACF45B2D1F05F8C5A2D2 /* Pods_Mall.framework in Frameworks */,
			);
			runOnlyForDeploymentPostprocessing = 0;
		};
/* End PBXFrameworksBuildPhase section */

/* Begin PBXGroup section */
		28EA96FB263D4F318245ED6E /* Frameworks */ = {
			isa = PBXGroup;
			children = (
				232383D3C2D61D4C974ADFF0 /* Pods_Mall.framework */,
			);
			name = Frameworks;
			sourceTree = "<group>";
		};
		CA33E1D42804E73900804EA1 = {
			isa = PBXGroup;
			children = (
				CA33E1DF2804E73900804EA1 /* Mall */,
				CA33E1DE2804E73900804EA1 /* Products */,
				DADFA6353848AC53CE7DFF37 /* Pods */,
				28EA96FB263D4F318245ED6E /* Frameworks */,
			);
			sourceTree = "<group>";
		};
		CA33E1DE2804E73900804EA1 /* Products */ = {
			isa = PBXGroup;
			children = (
				CA33E1DD2804E73900804EA1 /* Mall.app */,
			);
			name = Products;
			sourceTree = "<group>";
		};
		CA33E1DF2804E73900804EA1 /* Mall */ = {
			isa = PBXGroup;
			children = (
				CAF9B1C4280AC3D700CFDF88 /* AdsDetail */,
				CAF9B1A02809DB5500CFDF88 /* CategoriesScreen */,
				CAF9B18F280894C100CFDF88 /* MainScreen */,
				CAA7FA8D28057A2800ED2206 /* Registration */,
				CAA7FA8F28057B0200ED2206 /* Splash */,
				CAA7FA872805792300ED2206 /* Network */,
				CAA7FA862805791800ED2206 /* User */,
				CAA7FA842805782700ED2206 /* Models */,
				CAA7FA83280577F100ED2206 /* Resources */,
				CAD644582807562000AFFB9B /* Extensions */,
				CAA7FA82280577E500ED2206 /* Delegates */,
			);
			path = Mall;
			sourceTree = "<group>";
		};
		CAA7FA82280577E500ED2206 /* Delegates */ = {
			isa = PBXGroup;
			children = (
				CA33E1E02804E73900804EA1 /* AppDelegate.swift */,
				CA33E1E22804E73900804EA1 /* SceneDelegate.swift */,
			);
			path = Delegates;
			sourceTree = "<group>";
		};
		CAA7FA83280577F100ED2206 /* Resources */ = {
			isa = PBXGroup;
			children = (
				CA33E1EE2804E73A00804EA1 /* Info.plist */,
				CA33E1E92804E73A00804EA1 /* Assets.xcassets */,
			);
			path = Resources;
			sourceTree = "<group>";
		};
		CAA7FA842805782700ED2206 /* Models */ = {
			isa = PBXGroup;
			children = (
				CAA7FA882805793200ED2206 /* Model.swift */,
				CAA7FA8A2805797500ED2206 /* URLModel.swift */,
			);
			path = Models;
			sourceTree = "<group>";
		};
		CAA7FA862805791800ED2206 /* User */ = {
			isa = PBXGroup;
			children = (
				CAA7FA8C28057A2300ED2206 /* Login */,
			);
			path = User;
			sourceTree = "<group>";
		};
		CAA7FA872805792300ED2206 /* Network */ = {
			isa = PBXGroup;
			children = (
				CAF9B1AC2809ED2100CFDF88 /* MallAPI.swift */,
				CAF9B1B12809F18500CFDF88 /* HTTP */,
				CAF9B1AE2809F12F00CFDF88 /* Protocols */,
				CAD6444528069F3D00AFFB9B /* BaseNetwork.swift */,
				CAF9B1982808B0C800CFDF88 /* File.swift */,
			);
			path = Network;
			sourceTree = "<group>";
		};
		CAA7FA8C28057A2300ED2206 /* Login */ = {
			isa = PBXGroup;
			children = (
			);
			path = Login;
			sourceTree = "<group>";
		};
		CAA7FA8D28057A2800ED2206 /* Registration */ = {
			isa = PBXGroup;
			children = (
				CAD6444928074DF400AFFB9B /* Model */,
				CAD6444828074DEF00AFFB9B /* View */,
				CAD6444728074DDB00AFFB9B /* ViewModel */,
			);
			path = Registration;
			sourceTree = "<group>";
		};
		CAA7FA8E28057AF300ED2206 /* UI */ = {
			isa = PBXGroup;
			children = (
				CAF9B1942808966B00CFDF88 /* MainTabBarController.swift */,
				CA33E1E62804E73900804EA1 /* Main.storyboard */,
			);
			path = UI;
			sourceTree = "<group>";
		};
		CAA7FA8F28057B0200ED2206 /* Splash */ = {
			isa = PBXGroup;
			children = (
				CA33E1EB2804E73A00804EA1 /* LaunchScreen.storyboard */,
			);
			path = Splash;
			sourceTree = "<group>";
		};
		CAD6444728074DDB00AFFB9B /* ViewModel */ = {
			isa = PBXGroup;
			children = (
				CAD6444C28074E2000AFFB9B /* RegViewModel.swift */,
				CAD644542807516000AFFB9B /* ValidLoginAndPassword.swift */,
			);
			path = ViewModel;
			sourceTree = "<group>";
		};
		CAD6444828074DEF00AFFB9B /* View */ = {
			isa = PBXGroup;
			children = (
				CAD6445328074F0200AFFB9B /* Controller */,
				CAD6445028074E3900AFFB9B /* UI */,
				CAD6444E28074E3000AFFB9B /* Registration.storyboard */,
			);
			path = View;
			sourceTree = "<group>";
		};
		CAD6444928074DF400AFFB9B /* Model */ = {
			isa = PBXGroup;
			children = (
				CAD6444A28074E0B00AFFB9B /* RegistrationModel.swift */,
			);
			path = Model;
			sourceTree = "<group>";
		};
		CAD6445028074E3900AFFB9B /* UI */ = {
			isa = PBXGroup;
			children = (
			);
			path = UI;
			sourceTree = "<group>";
		};
		CAD6445328074F0200AFFB9B /* Controller */ = {
			isa = PBXGroup;
			children = (
				CAD6445128074E6100AFFB9B /* RegistrationVC.swift */,
				CAD644562807520000AFFB9B /* VerifyVC.swift */,
			);
			path = Controller;
			sourceTree = "<group>";
		};
		CAD644582807562000AFFB9B /* Extensions */ = {
			isa = PBXGroup;
			children = (
				CAD644592807564300AFFB9B /* Extensions.swift */,
			);
			path = Extensions;
			sourceTree = "<group>";
		};
		CAF9B18F280894C100CFDF88 /* MainScreen */ = {
			isa = PBXGroup;
			children = (
				CAF9B191280894DE00CFDF88 /* Model */,
				CAF9B192280894E700CFDF88 /* View */,
				CAF9B190280894D800CFDF88 /* ViewModel */,
			);
			path = MainScreen;
			sourceTree = "<group>";
		};
		CAF9B190280894D800CFDF88 /* ViewModel */ = {
			isa = PBXGroup;
			children = (
				CAF9B19A2808B14D00CFDF88 /* MainPageViewModel.swift */,
			);
			path = ViewModel;
			sourceTree = "<group>";
		};
		CAF9B191280894DE00CFDF88 /* Model */ = {
			isa = PBXGroup;
			children = (
				CAF9B1962808B05800CFDF88 /* MainPageModel.swift */,
			);
			path = Model;
			sourceTree = "<group>";
		};
		CAF9B192280894E700CFDF88 /* View */ = {
			isa = PBXGroup;
			children = (
				CAF9B1932808962B00CFDF88 /* Controllers */,
				CAA7FA8E28057AF300ED2206 /* UI */,
			);
			path = View;
			sourceTree = "<group>";
		};
		CAF9B1932808962B00CFDF88 /* Controllers */ = {
			isa = PBXGroup;
			children = (
				CA33E1E42804E73900804EA1 /* MainScreenVC.swift */,
				CAF9B19C2808B4A300CFDF88 /* MainPageTableViewCell.swift */,
				CAF9B19E2808B4F900CFDF88 /* MainCollectionViewCell.swift */,
			);
			path = Controllers;
			sourceTree = "<group>";
		};
		CAF9B1A02809DB5500CFDF88 /* CategoriesScreen */ = {
			isa = PBXGroup;
			children = (
				CAF9B1A32809DB9000CFDF88 /* Model */,
				CAF9B1A22809DB8A00CFDF88 /* View */,
				CAF9B1A12809DB8300CFDF88 /* ViewModel */,
			);
			path = CategoriesScreen;
			sourceTree = "<group>";
		};
		CAF9B1A12809DB8300CFDF88 /* ViewModel */ = {
			isa = PBXGroup;
			children = (
			);
			path = ViewModel;
			sourceTree = "<group>";
		};
		CAF9B1A22809DB8A00CFDF88 /* View */ = {
			isa = PBXGroup;
			children = (
				CAF9B1A72809DBBF00CFDF88 /* Controllers */,
				CAF9B1A62809DBBA00CFDF88 /* UI */,
				CAF9B1A42809DBB200CFDF88 /* CategoryAdsSB.storyboard */,
			);
			path = View;
			sourceTree = "<group>";
		};
		CAF9B1A32809DB9000CFDF88 /* Model */ = {
			isa = PBXGroup;
			children = (
				CAF9B1AA2809E05200CFDF88 /* CategoryAdsModel.swift */,
			);
			path = Model;
			sourceTree = "<group>";
		};
		CAF9B1A62809DBBA00CFDF88 /* UI */ = {
			isa = PBXGroup;
			children = (
			);
			path = UI;
			sourceTree = "<group>";
		};
		CAF9B1A72809DBBF00CFDF88 /* Controllers */ = {
			isa = PBXGroup;
			children = (
				CAF9B1A82809DC9500CFDF88 /* CategoryAdsVC.swift */,
			);
			path = Controllers;
			sourceTree = "<group>";
		};
		CAF9B1AE2809F12F00CFDF88 /* Protocols */ = {
			isa = PBXGroup;
			children = (
				CAF9B1C02809F3B300CFDF88 /* SessionProtocol.swift */,
				CAF9B1C12809F3B300CFDF88 /* URLBuilderProtocol.swift */,
				CAF9B1AF2809F14D00CFDF88 /* APIProtocol.swift */,
			);
			path = Protocols;
			sourceTree = "<group>";
		};
		CAF9B1B12809F18500CFDF88 /* HTTP */ = {
			isa = PBXGroup;
			children = (
				CAF9B1B92809F39800CFDF88 /* MallBaseURL.swift */,
				CAF9B1BA2809F39800CFDF88 /* MallError.swift */,
				CAF9B1B82809F39800CFDF88 /* ImageUploadAPI.swift */,
				CAF9B1B62809F39800CFDF88 /* SessionNetwork.swift */,
				CAF9B1B72809F39800CFDF88 /* URLBuilder.swift */,
				CAF9B1B22809F1AF00CFDF88 /* RequestMethod.swift */,
				CAF9B1B42809F1CA00CFDF88 /* MultipartFormData.swift */,
			);
			path = HTTP;
			sourceTree = "<group>";
		};
		CAF9B1C4280AC3D700CFDF88 /* AdsDetail */ = {
			isa = PBXGroup;
			children = (
				CAF9B1C7280AC3F800CFDF88 /* Model */,
				CAF9B1C6280AC3F000CFDF88 /* View */,
				CAF9B1C5280AC3E600CFDF88 /* ViewModel */,
			);
			path = AdsDetail;
			sourceTree = "<group>";
		};
		CAF9B1C5280AC3E600CFDF88 /* ViewModel */ = {
			isa = PBXGroup;
			children = (
			);
			path = ViewModel;
			sourceTree = "<group>";
		};
		CAF9B1C6280AC3F000CFDF88 /* View */ = {
			isa = PBXGroup;
			children = (
				CAF9B1C9280AC40700CFDF88 /* Controllers */,
				CAF9B1C8280AC40100CFDF88 /* UI */,
			);
			path = View;
			sourceTree = "<group>";
		};
		CAF9B1C7280AC3F800CFDF88 /* Model */ = {
			isa = PBXGroup;
			children = (
				CAF9B1CE280ACDBC00CFDF88 /* AdsModel.swift */,
			);
			path = Model;
			sourceTree = "<group>";
		};
		CAF9B1C8280AC40100CFDF88 /* UI */ = {
			isa = PBXGroup;
			children = (
				CAF9B1CA280AC42A00CFDF88 /* AdsDetail.storyboard */,
			);
			path = UI;
			sourceTree = "<group>";
		};
		CAF9B1C9280AC40700CFDF88 /* Controllers */ = {
			isa = PBXGroup;
			children = (
				CAF9B1CC280AC44500CFDF88 /* AdsDetailVC.swift */,
			);
			path = Controllers;
			sourceTree = "<group>";
		};
		DADFA6353848AC53CE7DFF37 /* Pods */ = {
			isa = PBXGroup;
			children = (
				A13D05DD128DD6A415BB9833 /* Pods-Mall.debug.xcconfig */,
				4CED66300A4EBBD9F09EFDEB /* Pods-Mall.release.xcconfig */,
			);
			path = Pods;
			sourceTree = "<group>";
		};
/* End PBXGroup section */

/* Begin PBXNativeTarget section */
		CA33E1DC2804E73900804EA1 /* Mall */ = {
			isa = PBXNativeTarget;
			buildConfigurationList = CA33E1F12804E73A00804EA1 /* Build configuration list for PBXNativeTarget "Mall" */;
			buildPhases = (
				E2792A3F245714FBC5E96854 /* [CP] Check Pods Manifest.lock */,
				CA33E1D92804E73900804EA1 /* Sources */,
				CA33E1DA2804E73900804EA1 /* Frameworks */,
				CA33E1DB2804E73900804EA1 /* Resources */,
				E5F2A3A60AF098C7AFC1CB08 /* [CP] Embed Pods Frameworks */,
			);
			buildRules = (
			);
			dependencies = (
			);
			name = Mall;
			productName = Mall;
			productReference = CA33E1DD2804E73900804EA1 /* Mall.app */;
			productType = "com.apple.product-type.application";
		};
/* End PBXNativeTarget section */

/* Begin PBXProject section */
		CA33E1D52804E73900804EA1 /* Project object */ = {
			isa = PBXProject;
			attributes = {
				BuildIndependentTargetsInParallel = 1;
				LastSwiftUpdateCheck = 1330;
				LastUpgradeCheck = 1330;
				TargetAttributes = {
					CA33E1DC2804E73900804EA1 = {
						CreatedOnToolsVersion = 13.3;
					};
				};
			};
			buildConfigurationList = CA33E1D82804E73900804EA1 /* Build configuration list for PBXProject "Mall" */;
			compatibilityVersion = "Xcode 13.0";
			developmentRegion = en;
			hasScannedForEncodings = 0;
			knownRegions = (
				en,
				Base,
			);
			mainGroup = CA33E1D42804E73900804EA1;
			productRefGroup = CA33E1DE2804E73900804EA1 /* Products */;
			projectDirPath = "";
			projectRoot = "";
			targets = (
				CA33E1DC2804E73900804EA1 /* Mall */,
			);
		};
/* End PBXProject section */

/* Begin PBXResourcesBuildPhase section */
		CA33E1DB2804E73900804EA1 /* Resources */ = {
			isa = PBXResourcesBuildPhase;
			buildActionMask = 2147483647;
			files = (
				CA33E1ED2804E73A00804EA1 /* LaunchScreen.storyboard in Resources */,
				CAD6444F28074E3000AFFB9B /* Registration.storyboard in Resources */,
				CAF9B1CB280AC42A00CFDF88 /* AdsDetail.storyboard in Resources */,
				CA33E1EA2804E73A00804EA1 /* Assets.xcassets in Resources */,
				CAF9B1A52809DBB200CFDF88 /* CategoryAdsSB.storyboard in Resources */,
				CA33E1E82804E73900804EA1 /* Main.storyboard in Resources */,
			);
			runOnlyForDeploymentPostprocessing = 0;
		};
/* End PBXResourcesBuildPhase section */

/* Begin PBXShellScriptBuildPhase section */
		E2792A3F245714FBC5E96854 /* [CP] Check Pods Manifest.lock */ = {
			isa = PBXShellScriptBuildPhase;
			buildActionMask = 2147483647;
			files = (
			);
			inputFileListPaths = (
			);
			inputPaths = (
				"${PODS_PODFILE_DIR_PATH}/Podfile.lock",
				"${PODS_ROOT}/Manifest.lock",
			);
			name = "[CP] Check Pods Manifest.lock";
			outputFileListPaths = (
			);
			outputPaths = (
				"$(DERIVED_FILE_DIR)/Pods-Mall-checkManifestLockResult.txt",
			);
			runOnlyForDeploymentPostprocessing = 0;
			shellPath = /bin/sh;
			shellScript = "diff \"${PODS_PODFILE_DIR_PATH}/Podfile.lock\" \"${PODS_ROOT}/Manifest.lock\" > /dev/null\nif [ $? != 0 ] ; then\n    # print error to STDERR\n    echo \"error: The sandbox is not in sync with the Podfile.lock. Run 'pod install' or update your CocoaPods installation.\" >&2\n    exit 1\nfi\n# This output is used by Xcode 'outputs' to avoid re-running this script phase.\necho \"SUCCESS\" > \"${SCRIPT_OUTPUT_FILE_0}\"\n";
			showEnvVarsInLog = 0;
		};
		E5F2A3A60AF098C7AFC1CB08 /* [CP] Embed Pods Frameworks */ = {
			isa = PBXShellScriptBuildPhase;
			buildActionMask = 2147483647;
			files = (
			);
			inputFileListPaths = (
				"${PODS_ROOT}/Target Support Files/Pods-Mall/Pods-Mall-frameworks-${CONFIGURATION}-input-files.xcfilelist",
			);
			name = "[CP] Embed Pods Frameworks";
			outputFileListPaths = (
				"${PODS_ROOT}/Target Support Files/Pods-Mall/Pods-Mall-frameworks-${CONFIGURATION}-output-files.xcfilelist",
			);
			runOnlyForDeploymentPostprocessing = 0;
			shellPath = /bin/sh;
			shellScript = "\"${PODS_ROOT}/Target Support Files/Pods-Mall/Pods-Mall-frameworks.sh\"\n";
			showEnvVarsInLog = 0;
		};
/* End PBXShellScriptBuildPhase section */

/* Begin PBXSourcesBuildPhase section */
		CA33E1D92804E73900804EA1 /* Sources */ = {
			isa = PBXSourcesBuildPhase;
			buildActionMask = 2147483647;
			files = (
				CAF9B19B2808B14D00CFDF88 /* MainPageViewModel.swift in Sources */,
				CAF9B1BD2809F39800CFDF88 /* ImageUploadAPI.swift in Sources */,
				CAF9B1C22809F3B300CFDF88 /* SessionProtocol.swift in Sources */,
				CAF9B19F2808B4F900CFDF88 /* MainCollectionViewCell.swift in Sources */,
				CAF9B1B02809F14D00CFDF88 /* APIProtocol.swift in Sources */,
				CA33E1E52804E73900804EA1 /* MainScreenVC.swift in Sources */,
				CAD644552807516000AFFB9B /* ValidLoginAndPassword.swift in Sources */,
				CAF9B1BF2809F39800CFDF88 /* MallError.swift in Sources */,
				CA33E1E12804E73900804EA1 /* AppDelegate.swift in Sources */,
				CAF9B1972808B05800CFDF88 /* MainPageModel.swift in Sources */,
				CA33E1E32804E73900804EA1 /* SceneDelegate.swift in Sources */,
				CAF9B1C32809F3B300CFDF88 /* URLBuilderProtocol.swift in Sources */,
				CAD6444628069F3D00AFFB9B /* BaseNetwork.swift in Sources */,
				CAF9B1BE2809F39800CFDF88 /* MallBaseURL.swift in Sources */,
				CAF9B1CF280ACDBC00CFDF88 /* AdsModel.swift in Sources */,
				CAD6445228074E6100AFFB9B /* RegistrationVC.swift in Sources */,
				CAD6444B28074E0C00AFFB9B /* RegistrationModel.swift in Sources */,
				CAF9B1CD280AC44500CFDF88 /* AdsDetailVC.swift in Sources */,
				CAF9B1952808966B00CFDF88 /* MainTabBarController.swift in Sources */,
				CAD6445A2807564300AFFB9B /* Extensions.swift in Sources */,
				CAF9B1B32809F1AF00CFDF88 /* RequestMethod.swift in Sources */,
				CAF9B1AB2809E05200CFDF88 /* CategoryAdsModel.swift in Sources */,
				CAF9B1992808B0C800CFDF88 /* File.swift in Sources */,
				CAF9B19D2808B4A300CFDF88 /* MainPageTableViewCell.swift in Sources */,
				CAF9B1BC2809F39800CFDF88 /* URLBuilder.swift in Sources */,
				CAA7FA8B2805797500ED2206 /* URLModel.swift in Sources */,
				CAF9B1B52809F1CA00CFDF88 /* MultipartFormData.swift in Sources */,
				CAF9B1A92809DC9500CFDF88 /* CategoryAdsVC.swift in Sources */,
				CAA7FA892805793200ED2206 /* Model.swift in Sources */,
				CAD6444D28074E2000AFFB9B /* RegViewModel.swift in Sources */,
				CAD644572807520000AFFB9B /* VerifyVC.swift in Sources */,
				CAF9B1AD2809ED2100CFDF88 /* MallAPI.swift in Sources */,
				CAF9B1BB2809F39800CFDF88 /* SessionNetwork.swift in Sources */,
			);
			runOnlyForDeploymentPostprocessing = 0;
		};
/* End PBXSourcesBuildPhase section */

/* Begin PBXVariantGroup section */
		CA33E1E62804E73900804EA1 /* Main.storyboard */ = {
			isa = PBXVariantGroup;
			children = (
				CA33E1E72804E73900804EA1 /* Base */,
			);
			name = Main.storyboard;
			sourceTree = "<group>";
		};
		CA33E1EB2804E73A00804EA1 /* LaunchScreen.storyboard */ = {
			isa = PBXVariantGroup;
			children = (
				CA33E1EC2804E73A00804EA1 /* Base */,
			);
			name = LaunchScreen.storyboard;
			sourceTree = "<group>";
		};
/* End PBXVariantGroup section */

/* Begin XCBuildConfiguration section */
		CA33E1EF2804E73A00804EA1 /* Debug */ = {
			isa = XCBuildConfiguration;
			buildSettings = {
				ALWAYS_SEARCH_USER_PATHS = NO;
				CLANG_ANALYZER_NONNULL = YES;
				CLANG_ANALYZER_NUMBER_OBJECT_CONVERSION = YES_AGGRESSIVE;
				CLANG_CXX_LANGUAGE_STANDARD = "gnu++17";
				CLANG_ENABLE_MODULES = YES;
				CLANG_ENABLE_OBJC_ARC = YES;
				CLANG_ENABLE_OBJC_WEAK = YES;
				CLANG_WARN_BLOCK_CAPTURE_AUTORELEASING = YES;
				CLANG_WARN_BOOL_CONVERSION = YES;
				CLANG_WARN_COMMA = YES;
				CLANG_WARN_CONSTANT_CONVERSION = YES;
				CLANG_WARN_DEPRECATED_OBJC_IMPLEMENTATIONS = YES;
				CLANG_WARN_DIRECT_OBJC_ISA_USAGE = YES_ERROR;
				CLANG_WARN_DOCUMENTATION_COMMENTS = YES;
				CLANG_WARN_EMPTY_BODY = YES;
				CLANG_WARN_ENUM_CONVERSION = YES;
				CLANG_WARN_INFINITE_RECURSION = YES;
				CLANG_WARN_INT_CONVERSION = YES;
				CLANG_WARN_NON_LITERAL_NULL_CONVERSION = YES;
				CLANG_WARN_OBJC_IMPLICIT_RETAIN_SELF = YES;
				CLANG_WARN_OBJC_LITERAL_CONVERSION = YES;
				CLANG_WARN_OBJC_ROOT_CLASS = YES_ERROR;
				CLANG_WARN_QUOTED_INCLUDE_IN_FRAMEWORK_HEADER = YES;
				CLANG_WARN_RANGE_LOOP_ANALYSIS = YES;
				CLANG_WARN_STRICT_PROTOTYPES = YES;
				CLANG_WARN_SUSPICIOUS_MOVE = YES;
				CLANG_WARN_UNGUARDED_AVAILABILITY = YES_AGGRESSIVE;
				CLANG_WARN_UNREACHABLE_CODE = YES;
				CLANG_WARN__DUPLICATE_METHOD_MATCH = YES;
				COPY_PHASE_STRIP = NO;
				DEBUG_INFORMATION_FORMAT = dwarf;
				ENABLE_STRICT_OBJC_MSGSEND = YES;
				ENABLE_TESTABILITY = YES;
				GCC_C_LANGUAGE_STANDARD = gnu11;
				GCC_DYNAMIC_NO_PIC = NO;
				GCC_NO_COMMON_BLOCKS = YES;
				GCC_OPTIMIZATION_LEVEL = 0;
				GCC_PREPROCESSOR_DEFINITIONS = (
					"DEBUG=1",
					"$(inherited)",
				);
				GCC_WARN_64_TO_32_BIT_CONVERSION = YES;
				GCC_WARN_ABOUT_RETURN_TYPE = YES_ERROR;
				GCC_WARN_UNDECLARED_SELECTOR = YES;
				GCC_WARN_UNINITIALIZED_AUTOS = YES_AGGRESSIVE;
				GCC_WARN_UNUSED_FUNCTION = YES;
				GCC_WARN_UNUSED_VARIABLE = YES;
				IPHONEOS_DEPLOYMENT_TARGET = 15.4;
				MTL_ENABLE_DEBUG_INFO = INCLUDE_SOURCE;
				MTL_FAST_MATH = YES;
				ONLY_ACTIVE_ARCH = YES;
				SDKROOT = iphoneos;
				SWIFT_ACTIVE_COMPILATION_CONDITIONS = DEBUG;
				SWIFT_OPTIMIZATION_LEVEL = "-Onone";
			};
			name = Debug;
		};
		CA33E1F02804E73A00804EA1 /* Release */ = {
			isa = XCBuildConfiguration;
			buildSettings = {
				ALWAYS_SEARCH_USER_PATHS = NO;
				CLANG_ANALYZER_NONNULL = YES;
				CLANG_ANALYZER_NUMBER_OBJECT_CONVERSION = YES_AGGRESSIVE;
				CLANG_CXX_LANGUAGE_STANDARD = "gnu++17";
				CLANG_ENABLE_MODULES = YES;
				CLANG_ENABLE_OBJC_ARC = YES;
				CLANG_ENABLE_OBJC_WEAK = YES;
				CLANG_WARN_BLOCK_CAPTURE_AUTORELEASING = YES;
				CLANG_WARN_BOOL_CONVERSION = YES;
				CLANG_WARN_COMMA = YES;
				CLANG_WARN_CONSTANT_CONVERSION = YES;
				CLANG_WARN_DEPRECATED_OBJC_IMPLEMENTATIONS = YES;
				CLANG_WARN_DIRECT_OBJC_ISA_USAGE = YES_ERROR;
				CLANG_WARN_DOCUMENTATION_COMMENTS = YES;
				CLANG_WARN_EMPTY_BODY = YES;
				CLANG_WARN_ENUM_CONVERSION = YES;
				CLANG_WARN_INFINITE_RECURSION = YES;
				CLANG_WARN_INT_CONVERSION = YES;
				CLANG_WARN_NON_LITERAL_NULL_CONVERSION = YES;
				CLANG_WARN_OBJC_IMPLICIT_RETAIN_SELF = YES;
				CLANG_WARN_OBJC_LITERAL_CONVERSION = YES;
				CLANG_WARN_OBJC_ROOT_CLASS = YES_ERROR;
				CLANG_WARN_QUOTED_INCLUDE_IN_FRAMEWORK_HEADER = YES;
				CLANG_WARN_RANGE_LOOP_ANALYSIS = YES;
				CLANG_WARN_STRICT_PROTOTYPES = YES;
				CLANG_WARN_SUSPICIOUS_MOVE = YES;
				CLANG_WARN_UNGUARDED_AVAILABILITY = YES_AGGRESSIVE;
				CLANG_WARN_UNREACHABLE_CODE = YES;
				CLANG_WARN__DUPLICATE_METHOD_MATCH = YES;
				COPY_PHASE_STRIP = NO;
				DEBUG_INFORMATION_FORMAT = "dwarf-with-dsym";
				ENABLE_NS_ASSERTIONS = NO;
				ENABLE_STRICT_OBJC_MSGSEND = YES;
				GCC_C_LANGUAGE_STANDARD = gnu11;
				GCC_NO_COMMON_BLOCKS = YES;
				GCC_WARN_64_TO_32_BIT_CONVERSION = YES;
				GCC_WARN_ABOUT_RETURN_TYPE = YES_ERROR;
				GCC_WARN_UNDECLARED_SELECTOR = YES;
				GCC_WARN_UNINITIALIZED_AUTOS = YES_AGGRESSIVE;
				GCC_WARN_UNUSED_FUNCTION = YES;
				GCC_WARN_UNUSED_VARIABLE = YES;
				IPHONEOS_DEPLOYMENT_TARGET = 15.4;
				MTL_ENABLE_DEBUG_INFO = NO;
				MTL_FAST_MATH = YES;
				SDKROOT = iphoneos;
				SWIFT_COMPILATION_MODE = wholemodule;
				SWIFT_OPTIMIZATION_LEVEL = "-O";
				VALIDATE_PRODUCT = YES;
			};
			name = Release;
		};
		CA33E1F22804E73A00804EA1 /* Debug */ = {
			isa = XCBuildConfiguration;
			baseConfigurationReference = A13D05DD128DD6A415BB9833 /* Pods-Mall.debug.xcconfig */;
			buildSettings = {
				ASSETCATALOG_COMPILER_APPICON_NAME = AppIcon;
				ASSETCATALOG_COMPILER_GLOBAL_ACCENT_COLOR_NAME = AccentColor;
				CODE_SIGN_STYLE = Automatic;
				CURRENT_PROJECT_VERSION = 1;
				DEVELOPMENT_TEAM = L9JZYC3SK6;
				GENERATE_INFOPLIST_FILE = YES;
				INFOPLIST_FILE = Mall/Resources/Info.plist;
				INFOPLIST_KEY_UIApplicationSupportsIndirectInputEvents = YES;
				INFOPLIST_KEY_UILaunchStoryboardName = LaunchScreen;
				INFOPLIST_KEY_UIMainStoryboardFile = Main;
				INFOPLIST_KEY_UISupportedInterfaceOrientations_iPad = "UIInterfaceOrientationPortrait UIInterfaceOrientationPortraitUpsideDown UIInterfaceOrientationLandscapeLeft UIInterfaceOrientationLandscapeRight";
				INFOPLIST_KEY_UISupportedInterfaceOrientations_iPhone = "UIInterfaceOrientationPortrait UIInterfaceOrientationLandscapeLeft UIInterfaceOrientationLandscapeRight";
				IPHONEOS_DEPLOYMENT_TARGET = 15.0;
				LD_RUNPATH_SEARCH_PATHS = (
					"$(inherited)",
					"@executable_path/Frameworks",
				);
				MARKETING_VERSION = 1.0;
				PRODUCT_BUNDLE_IDENTIFIER = ru.vrdo.Mall;
				PRODUCT_NAME = "$(TARGET_NAME)";
				SWIFT_EMIT_LOC_STRINGS = YES;
				SWIFT_VERSION = 5.0;
				TARGETED_DEVICE_FAMILY = "1,2";
			};
			name = Debug;
		};
		CA33E1F32804E73A00804EA1 /* Release */ = {
			isa = XCBuildConfiguration;
			baseConfigurationReference = 4CED66300A4EBBD9F09EFDEB /* Pods-Mall.release.xcconfig */;
			buildSettings = {
				ASSETCATALOG_COMPILER_APPICON_NAME = AppIcon;
				ASSETCATALOG_COMPILER_GLOBAL_ACCENT_COLOR_NAME = AccentColor;
				CODE_SIGN_STYLE = Automatic;
				CURRENT_PROJECT_VERSION = 1;
				DEVELOPMENT_TEAM = L9JZYC3SK6;
				GENERATE_INFOPLIST_FILE = YES;
				INFOPLIST_FILE = Mall/Resources/Info.plist;
				INFOPLIST_KEY_UIApplicationSupportsIndirectInputEvents = YES;
				INFOPLIST_KEY_UILaunchStoryboardName = LaunchScreen;
				INFOPLIST_KEY_UIMainStoryboardFile = Main;
				INFOPLIST_KEY_UISupportedInterfaceOrientations_iPad = "UIInterfaceOrientationPortrait UIInterfaceOrientationPortraitUpsideDown UIInterfaceOrientationLandscapeLeft UIInterfaceOrientationLandscapeRight";
				INFOPLIST_KEY_UISupportedInterfaceOrientations_iPhone = "UIInterfaceOrientationPortrait UIInterfaceOrientationLandscapeLeft UIInterfaceOrientationLandscapeRight";
				IPHONEOS_DEPLOYMENT_TARGET = 15.0;
				LD_RUNPATH_SEARCH_PATHS = (
					"$(inherited)",
					"@executable_path/Frameworks",
				);
				MARKETING_VERSION = 1.0;
				PRODUCT_BUNDLE_IDENTIFIER = ru.vrdo.Mall;
				PRODUCT_NAME = "$(TARGET_NAME)";
				SWIFT_EMIT_LOC_STRINGS = YES;
				SWIFT_VERSION = 5.0;
				TARGETED_DEVICE_FAMILY = "1,2";
			};
			name = Release;
		};
/* End XCBuildConfiguration section */

/* Begin XCConfigurationList section */
		CA33E1D82804E73900804EA1 /* Build configuration list for PBXProject "Mall" */ = {
			isa = XCConfigurationList;
			buildConfigurations = (
				CA33E1EF2804E73A00804EA1 /* Debug */,
				CA33E1F02804E73A00804EA1 /* Release */,
			);
			defaultConfigurationIsVisible = 0;
			defaultConfigurationName = Release;
		};
		CA33E1F12804E73A00804EA1 /* Build configuration list for PBXNativeTarget "Mall" */ = {
			isa = XCConfigurationList;
			buildConfigurations = (
				CA33E1F22804E73A00804EA1 /* Debug */,
				CA33E1F32804E73A00804EA1 /* Release */,
			);
			defaultConfigurationIsVisible = 0;
			defaultConfigurationName = Release;
		};
/* End XCConfigurationList section */
	};
	rootObject = CA33E1D52804E73900804EA1 /* Project object */;
}
